
Microsoft Visual Studio Solution File, Format Version 12.00
# Visual Studio Version 17
VisualStudioVersion = 17.1.32210.238
MinimumVisualStudioVersion = 10.0.40219.1
Project("{FAE04EC0-301F-11D3-BF4B-00C04F79EFBC}") = "ProgramacaoEstruturada.ConsoleAPP", "ProgramacaoEstruturada.ConsoleAPP\ProgramacaoEstruturada.ConsoleAPP.csproj", "{953CD7E2-3E08-4CC0-9F6C-9DDC1B56649E}"
EndProject
Global
	GlobalSection(SolutionConfigurationPlatforms) = preSolution
		Debug|Any CPU = Debug|Any CPU
		Release|Any CPU = Release|Any CPU
	EndGlobalSection
	GlobalSection(ProjectConfigurationPlatforms) = postSolution
		{953CD7E2-3E08-4CC0-9F6C-9DDC1B56649E}.Debug|Any CPU.ActiveCfg = Debug|Any CPU
		{953CD7E2-3E08-4CC0-9F6C-9DDC1B56649E}.Debug|Any CPU.Build.0 = Debug|Any CPU
		{953CD7E2-3E08-4CC0-9F6C-9DDC1B56649E}.Release|Any CPU.ActiveCfg = Release|Any CPU
		{953CD7E2-3E08-4CC0-9F6C-9DDC1B56649E}.Release|Any CPU.Build.0 = Release|Any CPU
	EndGlobalSection
	GlobalSection(SolutionProperties) = preSolution
		HideSolutionNode = FALSE
	EndGlobalSection
	GlobalSection(ExtensibilityGlobals) = postSolution
		SolutionGuid = {C0100816-48FC-4144-9118-1064904791E4}
	EndGlobalSection
EndGlobal
